lockfileVersion: 5.4

specifiers:
  '@prettier/plugin-pug': ^2.1.0
  prettier: ^2.6.2

devDependencies:
  '@prettier/plugin-pug': 2.1.0_prettier@2.6.2
  prettier: 2.6.2

packages:

  /@prettier/plugin-pug/2.1.0_prettier@2.6.2:
    resolution: {integrity: sha512-/APVcAy5d1K//srAF4IY7lzaEEwRjhL//PfcFvqYdsbJWkbRz1JKZkhSS4cSwTxV8eoipgIu5vvUeH9ZJX4Yqw==}
    engines: {node: '>=14.6.0', npm: '>=6.0.0'}
    peerDependencies:
      prettier: ^2.3.0
    dependencies:
      prettier: 2.6.2
      pug-lexer: 5.0.1
    dev: true

  /acorn/7.4.1:
    resolution: {integrity: sha512-nQyp0o1/mNdbTO1PO6kHkwSrmgZ0MT/jCCpNiwbUjGoRN4dlBhqJtoQuCnEOKzgTVwg0ZWiCoQy6SxMebQVh8A==}
    engines: {node: '>=0.4.0'}
    hasBin: true
    dev: true

  /call-bind/1.0.2:
    resolution: {integrity: sha512-7O+FbCihrB5WGbFYesctwmTKae6rOiIzmz1icreWJ+0aA7LJfuqhEso2T9ncpcFtzMQtzXf2QGGueWJGTYsqrA==}
    dependencies:
      function-bind: 1.1.1
      get-intrinsic: 1.1.2
    dev: true

  /character-parser/2.2.0:
    resolution: {integrity: sha512-+UqJQjFEFaTAs3bNsF2j2kEN1baG/zghZbdqoYEDxGZtJo9LBzl1A+m0D4n3qKx8N2FNv8/Xp6yV9mQmBuptaw==}
    dependencies:
      is-regex: 1.1.4
    dev: true

  /function-bind/1.1.1:
    resolution: {integrity: sha512-yIovAzMX49sF8Yl58fSCWJ5svSLuaibPxXQJFLmBObTuCr0Mf1KiPopGM9NiFjiYBCbfaa2Fh6breQ6ANVTI0A==}
    dev: true

  /get-intrinsic/1.1.2:
    resolution: {integrity: sha512-Jfm3OyCxHh9DJyc28qGk+JmfkpO41A4XkneDSujN9MDXrm4oDKdHvndhZ2dN94+ERNfkYJWDclW6k2L/ZGHjXA==}
    dependencies:
      function-bind: 1.1.1
      has: 1.0.3
      has-symbols: 1.0.3
    dev: true

  /has-symbols/1.0.3:
    resolution: {integrity: sha512-l3LCuF6MgDNwTDKkdYGEihYjt5pRPbEg46rtlmnSPlUbgmB8LOIrKJbYYFBSbnPaJexMKtiPO8hmeRjRz2Td+A==}
    engines: {node: '>= 0.4'}
    dev: true

  /has-tostringtag/1.0.0:
    resolution: {integrity: sha512-kFjcSNhnlGV1kyoGk7OXKSawH5JOb/LzUc5w9B02hOTO0dfFRjbHQKvg1d6cf3HbeUmtU9VbbV3qzZ2Teh97WQ==}
    engines: {node: '>= 0.4'}
    dependencies:
      has-symbols: 1.0.3
    dev: true

  /has/1.0.3:
    resolution: {integrity: sha512-f2dvO0VU6Oej7RkWJGrehjbzMAjFp5/VKPp5tTpWIV4JHHZK1/BxbFRtf/siA2SWTe09caDmVtYYzWEIbBS4zw==}
    engines: {node: '>= 0.4.0'}
    dependencies:
      function-bind: 1.1.1
    dev: true

  /is-expression/4.0.0:
    resolution: {integrity: sha512-zMIXX63sxzG3XrkHkrAPvm/OVZVSCPNkwMHU8oTX7/U3AL78I0QXCEICXUM13BIa8TYGZ68PiTKfQz3yaTNr4A==}
    dependencies:
      acorn: 7.4.1
      object-assign: 4.1.1
    dev: true

  /is-regex/1.1.4:
    resolution: {integrity: sha512-kvRdxDsxZjhzUX07ZnLydzS1TU/TJlTUHHY4YLL87e37oUA49DfkLqgy+VjFocowy29cKvcSiu+kIv728jTTVg==}
    engines: {node: '>= 0.4'}
    dependencies:
      call-bind: 1.0.2
      has-tostringtag: 1.0.0
    dev: true

  /object-assign/4.1.1:
    resolution: {integrity: sha512-rJgTQnkUnH1sFw8yT6VSU3zD3sWmu6sZhIseY8VX+GRu3P6F7Fu+JNDoXfklElbLJSnc3FUQHVe4cU5hj+BcUg==}
    engines: {node: '>=0.10.0'}
    dev: true

  /prettier/2.6.2:
    resolution: {integrity: sha512-PkUpF+qoXTqhOeWL9fu7As8LXsIUZ1WYaJiY/a7McAQzxjk82OF0tibkFXVCDImZtWxbvojFjerkiLb0/q8mew==}
    engines: {node: '>=10.13.0'}
    hasBin: true
    dev: true

  /pug-error/2.0.0:
    resolution: {integrity: sha512-sjiUsi9M4RAGHktC1drQfCr5C5eriu24Lfbt4s+7SykztEOwVZtbFk1RRq0tzLxcMxMYTBR+zMQaG07J/btayQ==}
    dev: true

  /pug-lexer/5.0.1:
    resolution: {integrity: sha512-0I6C62+keXlZPZkOJeVam9aBLVP2EnbeDw3An+k0/QlqdwH6rv8284nko14Na7c0TtqtogfWXcRoFE4O4Ff20w==}
    dependencies:
      character-parser: 2.2.0
      is-expression: 4.0.0
      pug-error: 2.0.0
    dev: true
